
Microsoft Visual Studio Solution File, Format Version 12.00
# Visual Studio Version 17
VisualStudioVersion = 17.6.33723.286
MinimumVisualStudioVersion = 10.0.40219.1
Project("{9A19103F-16F7-4668-BE54-9A1E7A4F7556}") = "usbEventDetector", "usbEventDetector\usbEventDetector.csproj", "{682E6ABD-83FE-4AB9-8E51-544E11E788B3}"
EndProject
Project("{9A19103F-16F7-4668-BE54-9A1E7A4F7556}") = "WMIEvents", "ConsoleApp1\WMIEvents.csproj", "{D390F123-6130-4C99-BBB8-54DFD610080D}"
EndProject
Global
	GlobalSection(SolutionConfigurationPlatforms) = preSolution
		Debug|Any CPU = Debug|Any CPU
		Release|Any CPU = Release|Any CPU
	EndGlobalSection
	GlobalSection(ProjectConfigurationPlatforms) = postSolution
		{682E6ABD-83FE-4AB9-8E51-544E11E788B3}.Debug|Any CPU.ActiveCfg = Debug|Any CPU
		{682E6ABD-83FE-4AB9-8E51-544E11E788B3}.Debug|Any CPU.Build.0 = Debug|Any CPU
		{682E6ABD-83FE-4AB9-8E51-544E11E788B3}.Release|Any CPU.ActiveCfg = Release|Any CPU
		{682E6ABD-83FE-4AB9-8E51-544E11E788B3}.Release|Any CPU.Build.0 = Release|Any CPU
		{D390F123-6130-4C99-BBB8-54DFD610080D}.Debug|Any CPU.ActiveCfg = Debug|Any CPU
		{D390F123-6130-4C99-BBB8-54DFD610080D}.Debug|Any CPU.Build.0 = Debug|Any CPU
		{D390F123-6130-4C99-BBB8-54DFD610080D}.Release|Any CPU.ActiveCfg = Release|Any CPU
		{D390F123-6130-4C99-BBB8-54DFD610080D}.Release|Any CPU.Build.0 = Release|Any CPU
	EndGlobalSection
	GlobalSection(SolutionProperties) = preSolution
		HideSolutionNode = FALSE
	EndGlobalSection
	GlobalSection(ExtensibilityGlobals) = postSolution
		SolutionGuid = {AA688005-D4D1-4A24-8883-A1A96F1FB8C0}
	EndGlobalSection
EndGlobal
